
Microsoft Visual Studio Solution File, Format Version 12.00
# Visual Studio Version 17
VisualStudioVersion = 17.1.32319.34
MinimumVisualStudioVersion = 10.0.40219.1
Project("{9A19103F-16F7-4668-BE54-9A1E7A4F7556}") = "BlazorApp1.Server", "BlazorApp1\Server\BlazorApp1.Server.csproj", "{A05DDBAF-2E96-450F-BBE7-95A5468117DD}"
EndProject
Project("{9A19103F-16F7-4668-BE54-9A1E7A4F7556}") = "BlazorApp1.Client", "BlazorApp1\Client\BlazorApp1.Client.csproj", "{10EBCB62-3DE7-47FF-9D99-AADAB9B2C047}"
EndProject
Project("{9A19103F-16F7-4668-BE54-9A1E7A4F7556}") = "BlazorApp1.Shared", "BlazorApp1\Shared\BlazorApp1.Shared.csproj", "{BCFA3A8D-DAFC-4C4C-B6A1-AB5BA1DB9990}"
EndProject
Global
	GlobalSection(SolutionConfigurationPlatforms) = preSolution
		Debug|Any CPU = Debug|Any CPU
		Release|Any CPU = Release|Any CPU
	EndGlobalSection
	GlobalSection(ProjectConfigurationPlatforms) = postSolution
		{A05DDBAF-2E96-450F-BBE7-95A5468117DD}.Debug|Any CPU.ActiveCfg = Debug|Any CPU
		{A05DDBAF-2E96-450F-BBE7-95A5468117DD}.Debug|Any CPU.Build.0 = Debug|Any CPU
		{A05DDBAF-2E96-450F-BBE7-95A5468117DD}.Release|Any CPU.ActiveCfg = Release|Any CPU
		{A05DDBAF-2E96-450F-BBE7-95A5468117DD}.Release|Any CPU.Build.0 = Release|Any CPU
		{10EBCB62-3DE7-47FF-9D99-AADAB9B2C047}.Debug|Any CPU.ActiveCfg = Debug|Any CPU
		{10EBCB62-3DE7-47FF-9D99-AADAB9B2C047}.Debug|Any CPU.Build.0 = Debug|Any CPU
		{10EBCB62-3DE7-47FF-9D99-AADAB9B2C047}.Release|Any CPU.ActiveCfg = Release|Any CPU
		{10EBCB62-3DE7-47FF-9D99-AADAB9B2C047}.Release|Any CPU.Build.0 = Release|Any CPU
		{BCFA3A8D-DAFC-4C4C-B6A1-AB5BA1DB9990}.Debug|Any CPU.ActiveCfg = Debug|Any CPU
		{BCFA3A8D-DAFC-4C4C-B6A1-AB5BA1DB9990}.Debug|Any CPU.Build.0 = Debug|Any CPU
		{BCFA3A8D-DAFC-4C4C-B6A1-AB5BA1DB9990}.Release|Any CPU.ActiveCfg = Release|Any CPU
		{BCFA3A8D-DAFC-4C4C-B6A1-AB5BA1DB9990}.Release|Any CPU.Build.0 = Release|Any CPU
	EndGlobalSection
	GlobalSection(SolutionProperties) = preSolution
		HideSolutionNode = FALSE
	EndGlobalSection
	GlobalSection(ExtensibilityGlobals) = postSolution
		SolutionGuid = {F35DD8A4-DC65-427D-9216-BD413A0D531D}
	EndGlobalSection
EndGlobal
